
Microsoft Visual Studio Solution File, Format Version 12.00
# Visual Studio 15
VisualStudioVersion = 15.0.28307.168
MinimumVisualStudioVersion = 10.0.40219.1
Project("{FAE04EC0-301F-11D3-BF4B-00C04F79EFBC}") = "Lands.Android", "Lands\Lands.Android\Lands.Android.csproj", "{933F8C76-EE6F-4EDA-B72D-CB834BC2C017}"
EndProject
Project("{FAE04EC0-301F-11D3-BF4B-00C04F79EFBC}") = "Lands.iOS", "Lands\Lands.iOS\Lands.iOS.csproj", "{A640571F-963B-4FCC-B9D9-B45A8CDF5187}"
EndProject
Project("{FAE04EC0-301F-11D3-BF4B-00C04F79EFBC}") = "Lands", "Lands\Lands\Lands.csproj", "{BFDBEC4F-122E-4B6F-8C18-7D0925040ED6}"
EndProject
Global
	GlobalSection(SolutionConfigurationPlatforms) = preSolution
		Ad-Hoc|Any CPU = Ad-Hoc|Any CPU
		Ad-Hoc|iPhone = Ad-Hoc|iPhone
		Ad-Hoc|iPhoneSimulator = Ad-Hoc|iPhoneSimulator
		AppStore|Any CPU = AppStore|Any CPU
		AppStore|iPhone = AppStore|iPhone
		AppStore|iPhoneSimulator = AppStore|iPhoneSimulator
		Debug|Any CPU = Debug|Any CPU
		Debug|iPhone = Debug|iPhone
		Debug|iPhoneSimulator = Debug|iPhoneSimulator
		Release|Any CPU = Release|Any CPU
		Release|iPhone = Release|iPhone
		Release|iPhoneSimulator = Release|iPhoneSimulator
	EndGlobalSection
	GlobalSection(ProjectConfigurationPlatforms) = postSolution
		{933F8C76-EE6F-4EDA-B72D-CB834BC2C017}.Ad-Hoc|Any CPU.ActiveCfg = Release|Any CPU
		{933F8C76-EE6F-4EDA-B72D-CB834BC2C017}.Ad-Hoc|Any CPU.Build.0 = Release|Any CPU
		{933F8C76-EE6F-4EDA-B72D-CB834BC2C017}.Ad-Hoc|Any CPU.Deploy.0 = Release|Any CPU
		{933F8C76-EE6F-4EDA-B72D-CB834BC2C017}.Ad-Hoc|iPhone.ActiveCfg = Release|Any CPU
		{933F8C76-EE6F-4EDA-B72D-CB834BC2C017}.Ad-Hoc|iPhone.Build.0 = Release|Any CPU
		{933F8C76-EE6F-4EDA-B72D-CB834BC2C017}.Ad-Hoc|iPhone.Deploy.0 = Release|Any CPU
		{933F8C76-EE6F-4EDA-B72D-CB834BC2C017}.Ad-Hoc|iPhoneSimulator.ActiveCfg = Release|Any CPU
		{933F8C76-EE6F-4EDA-B72D-CB834BC2C017}.Ad-Hoc|iPhoneSimulator.Build.0 = Release|Any CPU
		{933F8C76-EE6F-4EDA-B72D-CB834BC2C017}.Ad-Hoc|iPhoneSimulator.Deploy.0 = Release|Any CPU
		{933F8C76-EE6F-4EDA-B72D-CB834BC2C017}.AppStore|Any CPU.ActiveCfg = Release|Any CPU
		{933F8C76-EE6F-4EDA-B72D-CB834BC2C017}.AppStore|Any CPU.Build.0 = Release|Any CPU
		{933F8C76-EE6F-4EDA-B72D-CB834BC2C017}.AppStore|Any CPU.Deploy.0 = Release|Any CPU
		{933F8C76-EE6F-4EDA-B72D-CB834BC2C017}.AppStore|iPhone.ActiveCfg = Release|Any CPU
		{933F8C76-EE6F-4EDA-B72D-CB834BC2C017}.AppStore|iPhone.Build.0 = Release|Any CPU
		{933F8C76-EE6F-4EDA-B72D-CB834BC2C017}.AppStore|iPhone.Deploy.0 = Release|Any CPU
		{933F8C76-EE6F-4EDA-B72D-CB834BC2C017}.AppStore|iPhoneSimulator.ActiveCfg = Release|Any CPU
		{933F8C76-EE6F-4EDA-B72D-CB834BC2C017}.AppStore|iPhoneSimulator.Build.0 = Release|Any CPU
		{933F8C76-EE6F-4EDA-B72D-CB834BC2C017}.AppStore|iPhoneSimulator.Deploy.0 = Release|Any CPU
		{933F8C76-EE6F-4EDA-B72D-CB834BC2C017}.Debug|Any CPU.ActiveCfg = Debug|Any CPU
		{933F8C76-EE6F-4EDA-B72D-CB834BC2C017}.Debug|Any CPU.Build.0 = Debug|Any CPU
		{933F8C76-EE6F-4EDA-B72D-CB834BC2C017}.Debug|Any CPU.Deploy.0 = Debug|Any CPU
		{933F8C76-EE6F-4EDA-B72D-CB834BC2C017}.Debug|iPhone.ActiveCfg = Debug|Any CPU
		{933F8C76-EE6F-4EDA-B72D-CB834BC2C017}.Debug|iPhone.Build.0 = Debug|Any CPU
		{933F8C76-EE6F-4EDA-B72D-CB834BC2C017}.Debug|iPhone.Deploy.0 = Debug|Any CPU
		{933F8C76-EE6F-4EDA-B72D-CB834BC2C017}.Debug|iPhoneSimulator.ActiveCfg = Debug|Any CPU
		{933F8C76-EE6F-4EDA-B72D-CB834BC2C017}.Debug|iPhoneSimulator.Build.0 = Debug|Any CPU
		{933F8C76-EE6F-4EDA-B72D-CB834BC2C017}.Debug|iPhoneSimulator.Deploy.0 = Debug|Any CPU
		{933F8C76-EE6F-4EDA-B72D-CB834BC2C017}.Release|Any CPU.ActiveCfg = Release|Any CPU
		{933F8C76-EE6F-4EDA-B72D-CB834BC2C017}.Release|Any CPU.Build.0 = Release|Any CPU
		{933F8C76-EE6F-4EDA-B72D-CB834BC2C017}.Release|Any CPU.Deploy.0 = Release|Any CPU
		{933F8C76-EE6F-4EDA-B72D-CB834BC2C017}.Release|iPhone.ActiveCfg = Release|Any CPU
		{933F8C76-EE6F-4EDA-B72D-CB834BC2C017}.Release|iPhone.Build.0 = Release|Any CPU
		{933F8C76-EE6F-4EDA-B72D-CB834BC2C017}.Release|iPhone.Deploy.0 = Release|Any CPU
		{933F8C76-EE6F-4EDA-B72D-CB834BC2C017}.Release|iPhoneSimulator.ActiveCfg = Release|Any CPU
		{933F8C76-EE6F-4EDA-B72D-CB834BC2C017}.Release|iPhoneSimulator.Build.0 = Release|Any CPU
		{933F8C76-EE6F-4EDA-B72D-CB834BC2C017}.Release|iPhoneSimulator.Deploy.0 = Release|Any CPU
		{A640571F-963B-4FCC-B9D9-B45A8CDF5187}.Ad-Hoc|Any CPU.ActiveCfg = Ad-Hoc|iPhone
		{A640571F-963B-4FCC-B9D9-B45A8CDF5187}.Ad-Hoc|Any CPU.Build.0 = Ad-Hoc|iPhone
		{A640571F-963B-4FCC-B9D9-B45A8CDF5187}.Ad-Hoc|Any CPU.Deploy.0 = Ad-Hoc|iPhone
		{A640571F-963B-4FCC-B9D9-B45A8CDF5187}.Ad-Hoc|iPhone.ActiveCfg = Ad-Hoc|iPhone
		{A640571F-963B-4FCC-B9D9-B45A8CDF5187}.Ad-Hoc|iPhone.Build.0 = Ad-Hoc|iPhone
		{A640571F-963B-4FCC-B9D9-B45A8CDF5187}.Ad-Hoc|iPhone.Deploy.0 = Ad-Hoc|iPhone
		{A640571F-963B-4FCC-B9D9-B45A8CDF5187}.Ad-Hoc|iPhoneSimulator.ActiveCfg = Ad-Hoc|iPhoneSimulator
		{A640571F-963B-4FCC-B9D9-B45A8CDF5187}.Ad-Hoc|iPhoneSimulator.Build.0 = Ad-Hoc|iPhoneSimulator
		{A640571F-963B-4FCC-B9D9-B45A8CDF5187}.Ad-Hoc|iPhoneSimulator.Deploy.0 = Ad-Hoc|iPhoneSimulator
		{A640571F-963B-4FCC-B9D9-B45A8CDF5187}.AppStore|Any CPU.ActiveCfg = AppStore|iPhone
		{A640571F-963B-4FCC-B9D9-B45A8CDF5187}.AppStore|Any CPU.Build.0 = AppStore|iPhone
		{A640571F-963B-4FCC-B9D9-B45A8CDF5187}.AppStore|Any CPU.Deploy.0 = AppStore|iPhone
		{A640571F-963B-4FCC-B9D9-B45A8CDF5187}.AppStore|iPhone.ActiveCfg = AppStore|iPhone
		{A640571F-963B-4FCC-B9D9-B45A8CDF5187}.AppStore|iPhone.Build.0 = AppStore|iPhone
		{A640571F-963B-4FCC-B9D9-B45A8CDF5187}.AppStore|iPhone.Deploy.0 = AppStore|iPhone
		{A640571F-963B-4FCC-B9D9-B45A8CDF5187}.AppStore|iPhoneSimulator.ActiveCfg = AppStore|iPhoneSimulator
		{A640571F-963B-4FCC-B9D9-B45A8CDF5187}.AppStore|iPhoneSimulator.Build.0 = AppStore|iPhoneSimulator
		{A640571F-963B-4FCC-B9D9-B45A8CDF5187}.AppStore|iPhoneSimulator.Deploy.0 = AppStore|iPhoneSimulator
		{A640571F-963B-4FCC-B9D9-B45A8CDF5187}.Debug|Any CPU.ActiveCfg = Debug|iPhoneSimulator
		{A640571F-963B-4FCC-B9D9-B45A8CDF5187}.Debug|Any CPU.Build.0 = Debug|iPhoneSimulator
		{A640571F-963B-4FCC-B9D9-B45A8CDF5187}.Debug|Any CPU.Deploy.0 = Debug|iPhoneSimulator
		{A640571F-963B-4FCC-B9D9-B45A8CDF5187}.Debug|iPhone.ActiveCfg = Debug|iPhone
		{A640571F-963B-4FCC-B9D9-B45A8CDF5187}.Debug|iPhone.Build.0 = Debug|iPhone
		{A640571F-963B-4FCC-B9D9-B45A8CDF5187}.Debug|iPhone.Deploy.0 = Debug|iPhone
		{A640571F-963B-4FCC-B9D9-B45A8CDF5187}.Debug|iPhoneSimulator.ActiveCfg = Debug|iPhoneSimulator
		{A640571F-963B-4FCC-B9D9-B45A8CDF5187}.Debug|iPhoneSimulator.Build.0 = Debug|iPhoneSimulator
		{A640571F-963B-4FCC-B9D9-B45A8CDF5187}.Debug|iPhoneSimulator.Deploy.0 = Debug|iPhoneSimulator
		{A640571F-963B-4FCC-B9D9-B45A8CDF5187}.Release|Any CPU.ActiveCfg = Release|iPhone
		{A640571F-963B-4FCC-B9D9-B45A8CDF5187}.Release|Any CPU.Build.0 = Release|iPhone
		{A640571F-963B-4FCC-B9D9-B45A8CDF5187}.Release|Any CPU.Deploy.0 = Release|iPhone
		{A640571F-963B-4FCC-B9D9-B45A8CDF5187}.Release|iPhone.ActiveCfg = Release|iPhone
		{A640571F-963B-4FCC-B9D9-B45A8CDF5187}.Release|iPhone.Build.0 = Release|iPhone
		{A640571F-963B-4FCC-B9D9-B45A8CDF5187}.Release|iPhone.Deploy.0 = Release|iPhone
		{A640571F-963B-4FCC-B9D9-B45A8CDF5187}.Release|iPhoneSimulator.ActiveCfg = Release|iPhoneSimulator
		{A640571F-963B-4FCC-B9D9-B45A8CDF5187}.Release|iPhoneSimulator.Build.0 = Release|iPhoneSimulator
		{A640571F-963B-4FCC-B9D9-B45A8CDF5187}.Release|iPhoneSimulator.Deploy.0 = Release|iPhoneSimulator
		{BFDBEC4F-122E-4B6F-8C18-7D0925040ED6}.Ad-Hoc|Any CPU.ActiveCfg = Debug|Any CPU
		{BFDBEC4F-122E-4B6F-8C18-7D0925040ED6}.Ad-Hoc|Any CPU.Build.0 = Debug|Any CPU
		{BFDBEC4F-122E-4B6F-8C18-7D0925040ED6}.Ad-Hoc|Any CPU.Deploy.0 = Debug|Any CPU
		{BFDBEC4F-122E-4B6F-8C18-7D0925040ED6}.Ad-Hoc|iPhone.ActiveCfg = Debug|Any CPU
		{BFDBEC4F-122E-4B6F-8C18-7D0925040ED6}.Ad-Hoc|iPhone.Build.0 = Debug|Any CPU
		{BFDBEC4F-122E-4B6F-8C18-7D0925040ED6}.Ad-Hoc|iPhone.Deploy.0 = Debug|Any CPU
		{BFDBEC4F-122E-4B6F-8C18-7D0925040ED6}.Ad-Hoc|iPhoneSimulator.ActiveCfg = Debug|Any CPU
		{BFDBEC4F-122E-4B6F-8C18-7D0925040ED6}.Ad-Hoc|iPhoneSimulator.Build.0 = Debug|Any CPU
		{BFDBEC4F-122E-4B6F-8C18-7D0925040ED6}.Ad-Hoc|iPhoneSimulator.Deploy.0 = Debug|Any CPU
		{BFDBEC4F-122E-4B6F-8C18-7D0925040ED6}.AppStore|Any CPU.ActiveCfg = Debug|Any CPU
		{BFDBEC4F-122E-4B6F-8C18-7D0925040ED6}.AppStore|Any CPU.Build.0 = Debug|Any CPU
		{BFDBEC4F-122E-4B6F-8C18-7D0925040ED6}.AppStore|Any CPU.Deploy.0 = Debug|Any CPU
		{BFDBEC4F-122E-4B6F-8C18-7D0925040ED6}.AppStore|iPhone.ActiveCfg = Debug|Any CPU
		{BFDBEC4F-122E-4B6F-8C18-7D0925040ED6}.AppStore|iPhone.Build.0 = Debug|Any CPU
		{BFDBEC4F-122E-4B6F-8C18-7D0925040ED6}.AppStore|iPhone.Deploy.0 = Debug|Any CPU
		{BFDBEC4F-122E-4B6F-8C18-7D0925040ED6}.AppStore|iPhoneSimulator.ActiveCfg = Debug|Any CPU
		{BFDBEC4F-122E-4B6F-8C18-7D0925040ED6}.AppStore|iPhoneSimulator.Build.0 = Debug|Any CPU
		{BFDBEC4F-122E-4B6F-8C18-7D0925040ED6}.AppStore|iPhoneSimulator.Deploy.0 = Debug|Any CPU
		{BFDBEC4F-122E-4B6F-8C18-7D0925040ED6}.Debug|Any CPU.ActiveCfg = Debug|Any CPU
		{BFDBEC4F-122E-4B6F-8C18-7D0925040ED6}.Debug|Any CPU.Build.0 = Debug|Any CPU
		{BFDBEC4F-122E-4B6F-8C18-7D0925040ED6}.Debug|Any CPU.Deploy.0 = Debug|Any CPU
		{BFDBEC4F-122E-4B6F-8C18-7D0925040ED6}.Debug|iPhone.ActiveCfg = Debug|Any CPU
		{BFDBEC4F-122E-4B6F-8C18-7D0925040ED6}.Debug|iPhone.Build.0 = Debug|Any CPU
		{BFDBEC4F-122E-4B6F-8C18-7D0925040ED6}.Debug|iPhone.Deploy.0 = Debug|Any CPU
		{BFDBEC4F-122E-4B6F-8C18-7D0925040ED6}.Debug|iPhoneSimulator.ActiveCfg = Debug|Any CPU
		{BFDBEC4F-122E-4B6F-8C18-7D0925040ED6}.Debug|iPhoneSimulator.Build.0 = Debug|Any CPU
		{BFDBEC4F-122E-4B6F-8C18-7D0925040ED6}.Debug|iPhoneSimulator.Deploy.0 = Debug|Any CPU
		{BFDBEC4F-122E-4B6F-8C18-7D0925040ED6}.Release|Any CPU.ActiveCfg = Release|Any CPU
		{BFDBEC4F-122E-4B6F-8C18-7D0925040ED6}.Release|Any CPU.Build.0 = Release|Any CPU
		{BFDBEC4F-122E-4B6F-8C18-7D0925040ED6}.Release|Any CPU.Deploy.0 = Release|Any CPU
		{BFDBEC4F-122E-4B6F-8C18-7D0925040ED6}.Release|iPhone.ActiveCfg = Release|Any CPU
		{BFDBEC4F-122E-4B6F-8C18-7D0925040ED6}.Release|iPhone.Build.0 = Release|Any CPU
		{BFDBEC4F-122E-4B6F-8C18-7D0925040ED6}.Release|iPhone.Deploy.0 = Release|Any CPU
		{BFDBEC4F-122E-4B6F-8C18-7D0925040ED6}.Release|iPhoneSimulator.ActiveCfg = Release|Any CPU
		{BFDBEC4F-122E-4B6F-8C18-7D0925040ED6}.Release|iPhoneSimulator.Build.0 = Release|Any CPU
		{BFDBEC4F-122E-4B6F-8C18-7D0925040ED6}.Release|iPhoneSimulator.Deploy.0 = Release|Any CPU
	EndGlobalSection
	GlobalSection(SolutionProperties) = preSolution
		HideSolutionNode = FALSE
	EndGlobalSection
	GlobalSection(ExtensibilityGlobals) = postSolution
		SolutionGuid = {BEE0316E-6C68-4F4A-88B0-1ADEB9AFAC6B}
	EndGlobalSection
EndGlobal
